
Microsoft Visual Studio Solution File, Format Version 12.00
# Visual Studio Version 17
VisualStudioVersion = 17.1.32210.238
MinimumVisualStudioVersion = 10.0.40219.1
Project("{FAE04EC0-301F-11D3-BF4B-00C04F79EFBC}") = "UserControlP", "UserControlP\UserControlP.csproj", "{082E1106-DA6C-4632-83D5-26F93A316F44}"
EndProject
Global
	GlobalSection(SolutionConfigurationPlatforms) = preSolution
		Debug|Any CPU = Debug|Any CPU
		Release|Any CPU = Release|Any CPU
	EndGlobalSection
	GlobalSection(ProjectConfigurationPlatforms) = postSolution
		{082E1106-DA6C-4632-83D5-26F93A316F44}.Debug|Any CPU.ActiveCfg = Debug|Any CPU
		{082E1106-DA6C-4632-83D5-26F93A316F44}.Debug|Any CPU.Build.0 = Debug|Any CPU
		{082E1106-DA6C-4632-83D5-26F93A316F44}.Release|Any CPU.ActiveCfg = Release|Any CPU
		{082E1106-DA6C-4632-83D5-26F93A316F44}.Release|Any CPU.Build.0 = Release|Any CPU
	EndGlobalSection
	GlobalSection(SolutionProperties) = preSolution
		HideSolutionNode = FALSE
	EndGlobalSection
	GlobalSection(ExtensibilityGlobals) = postSolution
		SolutionGuid = {137C2FDE-4BAA-45EE-9B4E-B007F68B2178}
	EndGlobalSection
EndGlobal
